# THIS IS AN AUTOGENERATED FILE. DO NOT EDIT THIS FILE DIRECTLY.
# yarn lockfile v1


"@esbuild/android-arm64@0.18.6":
  version "0.18.6"
  resolved "https://registry.yarnpkg.com/@esbuild/android-arm64/-/android-arm64-0.18.6.tgz#0ef08fd5897a362a1bf05bc15714cbb2e8896aee"
  integrity sha512-pL0Ci8P9q1sWbtPx8CXbc8JvPvvYdJJQ+LO09PLFsbz3aYNdFBGWJjiHU+CaObO4Ames+GOFpXRAJZS2L3ZK/A==

"@esbuild/android-arm@0.18.6":
  version "0.18.6"
  resolved "https://registry.yarnpkg.com/@esbuild/android-arm/-/android-arm-0.18.6.tgz#5f355ae54027360113e6aadcb25291d0d97976e0"
  integrity sha512-J3lwhDSXBBppSzm/LC1uZ8yKSIpExc+5T8MxrYD9KNVZG81FOAu2VF2gXi/6A/LwDDQQ+b6DpQbYlo3VwxFepQ==

"@esbuild/android-x64@0.18.6":
  version "0.18.6"
  resolved "https://registry.yarnpkg.com/@esbuild/android-x64/-/android-x64-0.18.6.tgz#67340bed315fa200900ad26d58ff47564e9c6f74"
  integrity sha512-hE2vZxOlJ05aY28lUpB0y0RokngtZtcUB+TVl9vnLEnY0z/8BicSvrkThg5/iI1rbf8TwXrbr2heEjl9fLf+EA==

"@esbuild/darwin-arm64@0.18.6":
  version "0.18.6"
  resolved "https://registry.yarnpkg.com/@esbuild/darwin-arm64/-/darwin-arm64-0.18.6.tgz#0e60158a25aa30d73544c728b9e7c904ff3b7706"
  integrity sha512-/tuyl4R+QhhoROQtuQj9E/yfJtZNdv2HKaHwYhhHGQDN1Teziem2Kh7BWQMumfiY7Lu9g5rO7scWdGE4OsQ6MQ==

"@esbuild/darwin-x64@0.18.6":
  version "0.18.6"
  resolved "https://registry.yarnpkg.com/@esbuild/darwin-x64/-/darwin-x64-0.18.6.tgz#16a4c802000d00b139281198017fc00134b8df12"
  integrity sha512-L7IQga2pDT+14Ti8HZwsVfbCjuKP4U213T3tuPggOzyK/p4KaUJxQFXJgfUFHKzU0zOXx8QcYRYZf0hSQtppkw==

"@esbuild/freebsd-arm64@0.18.6":
  version "0.18.6"
  resolved "https://registry.yarnpkg.com/@esbuild/freebsd-arm64/-/freebsd-arm64-0.18.6.tgz#71008abc926e47d0f91eba46bf9af643ce1118d4"
  integrity sha512-bq10jFv42V20Kk77NvmO+WEZaLHBKuXcvEowixnBOMkaBgS7kQaqTc77ZJDbsUpXU3KKNLQFZctfaeINmeTsZA==

"@esbuild/freebsd-x64@0.18.6":
  version "0.18.6"
  resolved "https://registry.yarnpkg.com/@esbuild/freebsd-x64/-/freebsd-x64-0.18.6.tgz#59195dbc35a1c73acf9f3804f4245702fc0669de"
  integrity sha512-HbDLlkDZqUMBQaiday0pJzB6/8Xx/10dI3xRebJBReOEeDSeS+7GzTtW9h8ZnfB7/wBCqvtAjGtWQLTNPbR2+g==

"@esbuild/linux-arm64@0.18.6":
  version "0.18.6"
  resolved "https://registry.yarnpkg.com/@esbuild/linux-arm64/-/linux-arm64-0.18.6.tgz#744821299570fe676cac0db34d49e28ee8d50f57"
  integrity sha512-NMY9yg/88MskEZH2s4i6biz/3av+M8xY5ua4HE7CCz5DBz542cr7REe317+v7oKjnYBCijHpkzo5vU85bkXQmQ==

"@esbuild/linux-arm@0.18.6":
  version "0.18.6"
  resolved "https://registry.yarnpkg.com/@esbuild/linux-arm/-/linux-arm-0.18.6.tgz#f98002f9688fd3ac349e484a0de50ba4f7b47aeb"
  integrity sha512-C+5kb6rgsGMmvIdUI7v1PPgC98A6BMv233e97aXZ5AE03iMdlILFD/20HlHrOi0x2CzbspXn9HOnlE4/Ijn5Kw==

"@esbuild/linux-ia32@0.18.6":
  version "0.18.6"
  resolved "https://registry.yarnpkg.com/@esbuild/linux-ia32/-/linux-ia32-0.18.6.tgz#4ceb486ad4aab4fbba702d21f40ab97bc3f3f0d4"
  integrity sha512-AXazA0ljvQEp7cA9jscABNXsjodKbEcqPcAE3rDzKN82Vb3lYOq6INd+HOCA7hk8IegEyHW4T72Z7QGIhyCQEA==

"@esbuild/linux-loong64@0.18.6":
  version "0.18.6"
  resolved "https://registry.yarnpkg.com/@esbuild/linux-loong64/-/linux-loong64-0.18.6.tgz#94c34253c006a894483b2b2587ba745f55dda8cf"
  integrity sha512-JjBf7TwY7ldcPgHYt9UcrjZB03+WZqg/jSwMAfzOzM5ZG+tu5umUqzy5ugH/crGI4eoDIhSOTDp1NL3Uo/05Fw==

"@esbuild/linux-mips64el@0.18.6":
  version "0.18.6"
  resolved "https://registry.yarnpkg.com/@esbuild/linux-mips64el/-/linux-mips64el-0.18.6.tgz#db30368c6f827f0eb9600a165df4c93d6d8ccee6"
  integrity sha512-kATNsslryVxcH1sO3KP2nnyUWtZZVkgyhAUnyTVVa0OQQ9pmDRjTpHaE+2EQHoCM5wt/uav2edrAUqbwn3tkKQ==

"@esbuild/linux-ppc64@0.18.6":
  version "0.18.6"
  resolved "https://registry.yarnpkg.com/@esbuild/linux-ppc64/-/linux-ppc64-0.18.6.tgz#7576dce4c2a7390ab21f6aeffbb14b1c5fd4d237"
  integrity sha512-B+wTKz+8pi7mcWXFQV0LA79dJ+qhiut5uK9q0omoKnq8yRIwQJwfg3/vclXoqqcX89Ri5Y5538V0Se2v5qlcLA==

"@esbuild/linux-riscv64@0.18.6":
  version "0.18.6"
  resolved "https://registry.yarnpkg.com/@esbuild/linux-riscv64/-/linux-riscv64-0.18.6.tgz#286984a7e34c9d8e8da610f45e23cdf4895dacc2"
  integrity sha512-h44RBLVXFUSjvhOfseE+5UxQ/r9LVeqK2S8JziJKOm9W7SePYRPDyn7MhzhNCCFPkcjIy+soCxfhlJXHXXCR0A==

"@esbuild/linux-s390x@0.18.6":
  version "0.18.6"
  resolved "https://registry.yarnpkg.com/@esbuild/linux-s390x/-/linux-s390x-0.18.6.tgz#82ca83bb86566413e1c5a80a164d41bda4c947cf"
  integrity sha512-FlYpyr2Xc2AUePoAbc84NRV+mj7xpsISeQ36HGf9etrY5rTBEA+IU9HzWVmw5mDFtC62EQxzkLRj8h5Hq85yOQ==

"@esbuild/linux-x64@0.18.6":
  version "0.18.6"
  resolved "https://registry.yarnpkg.com/@esbuild/linux-x64/-/linux-x64-0.18.6.tgz#7655e8ac0147e3797944adfb12b04bada51f8651"
  integrity sha512-Mc4EUSYwzLci77u0Kao6ajB2WbTe5fNc7+lHwS3a+vJISC/oprwURezUYu1SdWAYoczbsyOvKAJwuNftoAdjjg==

"@esbuild/netbsd-x64@0.18.6":
  version "0.18.6"
  resolved "https://registry.yarnpkg.com/@esbuild/netbsd-x64/-/netbsd-x64-0.18.6.tgz#5b7e69689f5d1047504dedfc32f3bb9d36df5f1f"
  integrity sha512-3hgZlp7NqIM5lNG3fpdhBI5rUnPmdahraSmwAi+YX/bp7iZ7mpTv2NkypGs/XngdMtpzljICxnUG3uPfqLFd3w==

"@esbuild/openbsd-x64@0.18.6":
  version "0.18.6"
  resolved "https://registry.yarnpkg.com/@esbuild/openbsd-x64/-/openbsd-x64-0.18.6.tgz#fb2abf3c8808dce87f4c01ea857d362469162900"
  integrity sha512-aEWTdZQHtSRROlDYn7ygB8yAqtnall/UnmoVIJVqccKitkAWVVSYocQUWrBOxLEFk8XdlRouVrLZe6WXszyviA==

"@esbuild/sunos-x64@0.18.6":
  version "0.18.6"
  resolved "https://registry.yarnpkg.com/@esbuild/sunos-x64/-/sunos-x64-0.18.6.tgz#2962c270d457b5f8ec2fc4ad1afacc7efe913fef"
  integrity sha512-uxk/5yAGpjKZUHOECtI9W+9IcLjKj+2m0qf+RG7f7eRBHr8wP6wsr3XbNbgtOD1qSpPapd6R2ZfSeXTkCcAo5g==

"@esbuild/win32-arm64@0.18.6":
  version "0.18.6"
  resolved "https://registry.yarnpkg.com/@esbuild/win32-arm64/-/win32-arm64-0.18.6.tgz#e22721c832fb083c31535dfbefb9c24d731728ba"
  integrity sha512-oXlXGS9zvNCGoAT/tLHAsFKrIKye1JaIIP0anCdpaI+Dc10ftaNZcqfLzEwyhdzFAYInXYH4V7kEdH4hPyo9GA==

"@esbuild/win32-ia32@0.18.6":
  version "0.18.6"
  resolved "https://registry.yarnpkg.com/@esbuild/win32-ia32/-/win32-ia32-0.18.6.tgz#47d21b78c71eabe0c4d08a189703e541e2f210ca"
  integrity sha512-qh7IcAHUvvmMBmoIG+V+BbE9ZWSR0ohF51e5g8JZvU08kZF58uDFL5tHs0eoYz31H6Finv17te3W3QB042GqVA==

"@esbuild/win32-x64@0.18.6":
  version "0.18.6"
  resolved "https://registry.yarnpkg.com/@esbuild/win32-x64/-/win32-x64-0.18.6.tgz#7b37eb2e6514fc09fedce6c1272e9a043bd26750"
  integrity sha512-9UDwkz7Wlm4N9jnv+4NL7F8vxLhSZfEkRArz2gD33HesAFfMLGIGNVXRoIHtWNw8feKsnGly9Hq1EUuRkWl0zA==

"@floating-ui/core@^1.4.1":
  version "1.4.1"
  resolved "https://registry.yarnpkg.com/@floating-ui/core/-/core-1.4.1.tgz#0d633f4b76052668afb932492ac452f7ebe97f17"
  integrity sha512-jk3WqquEJRlcyu7997NtR5PibI+y5bi+LS3hPmguVClypenMsCY3CBa3LAQnozRCtCrYWSEtAdiskpamuJRFOQ==
  dependencies:
    "@floating-ui/utils" "^0.1.1"

"@floating-ui/dom@^1.0.0":
  version "1.5.1"
  resolved "https://registry.yarnpkg.com/@floating-ui/dom/-/dom-1.5.1.tgz#88b70defd002fe851f17b4a25efb2d3c04d7a8d7"
  integrity sha512-KwvVcPSXg6mQygvA1TjbN/gh///36kKtllIF8SUm0qpFj8+rvYrpvlYdL1JoA71SHpDqgSSdGOSoQ0Mp3uY5aw==
  dependencies:
    "@floating-ui/core" "^1.4.1"
    "@floating-ui/utils" "^0.1.1"

"@floating-ui/utils@^0.1.1":
  version "0.1.1"
  resolved "https://registry.yarnpkg.com/@floating-ui/utils/-/utils-0.1.1.tgz#1a5b1959a528e374e8037c4396c3e825d6cf4a83"
  integrity sha512-m0G6wlnhm/AX0H12IOWtK8gASEMffnX08RtKkCgTdHb9JpHKGloI7icFfLg9ZmQeavcvR0PKmzxClyuFPSjKWw==

"@hotwired/stimulus@^3.2.1":
  version "3.2.1"
  resolved "https://registry.yarnpkg.com/@hotwired/stimulus/-/stimulus-3.2.1.tgz#e3de23623b0c52c247aba4cd5d530d257008676b"
  integrity sha512-HGlzDcf9vv/EQrMJ5ZG6VWNs8Z/xMN+1o2OhV1gKiSG6CqZt5MCBB1gRg5ILiN3U0jEAxuDTNPRfBcnZBDmupQ==

"@hotwired/turbo-rails@^7.3.0":
  version "7.3.0"
  resolved "https://registry.yarnpkg.com/@hotwired/turbo-rails/-/turbo-rails-7.3.0.tgz#422c21752509f3edcd6c7b2725bbe9e157815f51"
  integrity sha512-fvhO64vp/a2UVQ3jue9WTc2JisMv9XilIC7ViZmXAREVwiQ2S4UC7Go8f9A1j4Xu7DBI6SbFdqILk5ImqVoqyA==
  dependencies:
    "@hotwired/turbo" "^7.3.0"
    "@rails/actioncable" "^7.0"

"@hotwired/turbo@^7.3.0":
  version "7.3.0"
  resolved "https://registry.yarnpkg.com/@hotwired/turbo/-/turbo-7.3.0.tgz#2226000fff1aabda9fd9587474565c9929dbf15d"
  integrity sha512-Dcu+NaSvHLT7EjrDrkEmH4qET2ZJZ5IcCWmNXxNQTBwlnE5tBZfN6WxZ842n5cHV52DH/AKNirbPBtcEXDLW4g==

"@picmo/popup-picker@^5.8.5":
  version "5.8.5"
  resolved "https://registry.yarnpkg.com/@picmo/popup-picker/-/popup-picker-5.8.5.tgz#081eb027d4fc88833642871d758665f9ec3397b2"
  integrity sha512-s5BGZps8LnhEeO4EMU+t8Wcc05gtbzJvdD5vovulof18+uxN2tMFpX6RMpKwhh49AQMk2EK1t31PEyjAIK7UVw==
  dependencies:
    "@floating-ui/dom" "^1.0.0"

"@popperjs/core@^2.11.8":
  version "2.11.8"
  resolved "https://registry.yarnpkg.com/@popperjs/core/-/core-2.11.8.tgz#6b79032e760a0899cd4204710beede972a3a185f"
  integrity sha512-P1st0aksCrn9sGZhp8GMYwBnQsbvAWsZAX44oXNNvLHGqAOcoVxmjZiohstwQ7SqKnbR47akdNi+uleWD8+g6A==

"@rails/actioncable@^7.0":
  version "7.0.5"
  resolved "https://registry.yarnpkg.com/@rails/actioncable/-/actioncable-7.0.5.tgz#bbc11203e0d3d5084002abfcf01d621fdf5f3a9d"
  integrity sha512-SOBA2heB9lTw0VYIx8M/ed7inSf4I9sR8OIlJprhgkfQ3WJtrxPJ6DDATR1Z3RYaIR7HlT2Olj08v1lfGIGuHA==

"@rails/actiontext@^7.0.5":
  version "7.0.5"
  resolved "https://registry.yarnpkg.com/@rails/actiontext/-/actiontext-7.0.5.tgz#b2dca679c18c359ca69ce5661ecde2948253aaa6"
  integrity sha512-D/tzDNyO/dPVi2kyokL5QCOB/CyEQ3iI8m5ORB1YlA0aGbP3rjFxUWLywp4nGed16PZY/zXiVD2tSjjs5XkLaQ==
  dependencies:
    "@rails/activestorage" ">= 7.0.0-alpha1"

"@rails/activestorage@>= 7.0.0-alpha1":
  version "7.0.5"
  resolved "https://registry.yarnpkg.com/@rails/activestorage/-/activestorage-7.0.5.tgz#0e8fe255a422e5cb9f4e673e02fca845f32a50c1"
  integrity sha512-lTOlsVsjz1OYDFRD2SKNH9j2TOA/LTrrIPgRSKyyD3CvJnD1bc65PQt/z6qB1hGqYmtUiklns+SjVWb9xYEqaA==
  dependencies:
    spark-md5 "^3.0.1"

"@splidejs/splide@^4.1.4":
  version "4.1.4"
  resolved "https://registry.yarnpkg.com/@splidejs/splide/-/splide-4.1.4.tgz#02d029360569e7d75d28357a9727fc48322015a3"
  integrity sha512-5I30evTJcAJQXt6vJ26g2xEkG+l1nXcpEw4xpKh0/FWQ8ozmAeTbtniVtVmz2sH1Es3vgfC4SS8B2X4o5JMptA==

bootstrap@^5.3.3:
  version "5.3.3"
  resolved "https://registry.yarnpkg.com/bootstrap/-/bootstrap-5.3.3.tgz#de35e1a765c897ac940021900fcbb831602bac38"
  integrity sha512-8HLCdWgyoMguSO9o+aH+iuZ+aht+mzW0u3HIMzVu7Srrpv7EBBxTnrFlSCskwdY1+EOFQSm7uMJhNQHkdPcmjg==

emojibase@^6.1.0:
  version "6.1.0"
  resolved "https://registry.yarnpkg.com/emojibase/-/emojibase-6.1.0.tgz#c3bc281e998a0e06398416090c23bac8c5ed3ee8"
  integrity sha512-1GkKJPXP6tVkYJHOBSJHoGOr/6uaDxZ9xJ6H7m6PfdGXTmQgbALHLWaVRY4Gi/qf5x/gT/NUXLPuSHYLqtLtrQ==

esbuild@^0.18.6:
  version "0.18.6"
  resolved "https://registry.yarnpkg.com/esbuild/-/esbuild-0.18.6.tgz#c779d5c6cffab264bd3b95e71354536037435700"
  integrity sha512-5QgxWaAhU/tPBpvkxUmnFv2YINHuZzjbk0LeUUnC2i3aJHjfi5yR49lgKgF7cb98bclOp/kans8M5TGbGFfJlQ==
  optionalDependencies:
    "@esbuild/android-arm" "0.18.6"
    "@esbuild/android-arm64" "0.18.6"
    "@esbuild/android-x64" "0.18.6"
    "@esbuild/darwin-arm64" "0.18.6"
    "@esbuild/darwin-x64" "0.18.6"
    "@esbuild/freebsd-arm64" "0.18.6"
    "@esbuild/freebsd-x64" "0.18.6"
    "@esbuild/linux-arm" "0.18.6"
    "@esbuild/linux-arm64" "0.18.6"
    "@esbuild/linux-ia32" "0.18.6"
    "@esbuild/linux-loong64" "0.18.6"
    "@esbuild/linux-mips64el" "0.18.6"
    "@esbuild/linux-ppc64" "0.18.6"
    "@esbuild/linux-riscv64" "0.18.6"
    "@esbuild/linux-s390x" "0.18.6"
    "@esbuild/linux-x64" "0.18.6"
    "@esbuild/netbsd-x64" "0.18.6"
    "@esbuild/openbsd-x64" "0.18.6"
    "@esbuild/sunos-x64" "0.18.6"
    "@esbuild/win32-arm64" "0.18.6"
    "@esbuild/win32-ia32" "0.18.6"
    "@esbuild/win32-x64" "0.18.6"

picmo@^5.8.5:
  version "5.8.5"
  resolved "https://registry.yarnpkg.com/picmo/-/picmo-5.8.5.tgz#0719390979d638817d05d000a3b086cc93b71ebf"
  integrity sha512-7I8jfuHALF9lkt3d+XCZGP+IwH7g91vYZv6XtRnJ99IDjnm92zel0L5DEo2FX0oaHUwRMBD/kn2knTZqwItudQ==
  dependencies:
    emojibase "^6.1.0"

popper.js@^1.16.1:
  version "1.16.1"
  resolved "https://registry.yarnpkg.com/popper.js/-/popper.js-1.16.1.tgz#2a223cb3dc7b6213d740e40372be40de43e65b1b"
  integrity sha512-Wb4p1J4zyFTbM+u6WuO4XstYx4Ky9Cewe4DWrel7B0w6VVICvPwdOpotjzcf6eD8TsckVnIMNONQyPIUFOUbCQ==

spark-md5@^3.0.1:
  version "3.0.2"
  resolved "https://registry.yarnpkg.com/spark-md5/-/spark-md5-3.0.2.tgz#7952c4a30784347abcee73268e473b9c0167e3fc"
  integrity sha512-wcFzz9cDfbuqe0FZzfi2or1sgyIrsDwmPwfZC4hiNidPdPINjeUwNfv5kldczoEAcjl9Y1L3SM7Uz2PUEQzxQw==

trix@2.0.5:
  version "2.0.5"
  resolved "https://registry.yarnpkg.com/trix/-/trix-2.0.5.tgz#f54880ab38e24d47829a04e04afaf03a8607f772"
  integrity sha512-OiCbDf17F7JahEwhyL1MvK9DxAAT1vkaW5sn+zpwfemZAcc4RfQB4ku18/1mKP58LRwBhjcy+6TBho7ciXz52Q==
